
Microsoft Visual Studio Solution File, Format Version 12.00
# Visual Studio 2013
VisualStudioVersion = 12.0.31101.0
MinimumVisualStudioVersion = 10.0.40219.1
Project("{FAE04EC0-301F-11D3-BF4B-00C04F79EFBC}") = "DotNetSPABase", "DotNetSPABase\DotNetSPABase.csproj", "{175D81EF-D3A0-4BF0-8DA1-4073B90DF40F}"
EndProject
Project("{FAE04EC0-301F-11D3-BF4B-00C04F79EFBC}") = "ApiBindingModels", "ApiBindingModels\ApiBindingModels.csproj", "{8126CBC8-C13A-4032-B1BC-7DBF75F3A294}"
EndProject
Project("{FAE04EC0-301F-11D3-BF4B-00C04F79EFBC}") = "Core", "Core\Core.csproj", "{09659290-37EF-4004-93AF-F5549BDBDABD}"
EndProject
Project("{FAE04EC0-301F-11D3-BF4B-00C04F79EFBC}") = "Domain", "Domain\Domain.csproj", "{4E7A3AAB-EC05-46F3-9FD0-56074D59DC05}"
EndProject
Project("{FAE04EC0-301F-11D3-BF4B-00C04F79EFBC}") = "Repositories", "Repositories\Repositories.csproj", "{6DF5E275-19BB-4285-BDD3-CDEB244A3B0A}"
EndProject
Project("{FAE04EC0-301F-11D3-BF4B-00C04F79EFBC}") = "Services", "Services\Services.csproj", "{87E75C70-5CE0-4F33-B5A3-2BF07B736DD5}"
EndProject
Project("{FAE04EC0-301F-11D3-BF4B-00C04F79EFBC}") = "EntityFramework.Implementation", "EntityFramework.Implementation\EntityFramework.Implementation.csproj", "{BCD94CFB-8286-4BD1-8D88-C34C0C48C9EC}"
EndProject
Project("{FAE04EC0-301F-11D3-BF4B-00C04F79EFBC}") = "EntityFramework.Interfaces", "EntityFramework.Interfaces\EntityFramework.Interfaces.csproj", "{90D4492B-ABD8-4FE6-9F15-44ACAFFD8828}"
EndProject
Project("{FAE04EC0-301F-11D3-BF4B-00C04F79EFBC}") = "Utilities", "Utilities\Utilities.csproj", "{40291ECC-D2AB-433D-85A5-D85A3C3D791E}"
EndProject
Project("{2150E333-8FDC-42A3-9474-1A3956D46DE8}") = ".nuget", ".nuget", "{A8817C8E-7749-4FE6-A924-C7C9096FC502}"
	ProjectSection(SolutionItems) = preProject
		.nuget\NuGet.Config = .nuget\NuGet.Config
		.nuget\NuGet.exe = .nuget\NuGet.exe
		.nuget\NuGet.targets = .nuget\NuGet.targets
	EndProjectSection
EndProject
Global
	GlobalSection(SolutionConfigurationPlatforms) = preSolution
		Debug|Any CPU = Debug|Any CPU
		Release|Any CPU = Release|Any CPU
	EndGlobalSection
	GlobalSection(ProjectConfigurationPlatforms) = postSolution
		{175D81EF-D3A0-4BF0-8DA1-4073B90DF40F}.Debug|Any CPU.ActiveCfg = Debug|Any CPU
		{175D81EF-D3A0-4BF0-8DA1-4073B90DF40F}.Debug|Any CPU.Build.0 = Debug|Any CPU
		{175D81EF-D3A0-4BF0-8DA1-4073B90DF40F}.Release|Any CPU.ActiveCfg = Release|Any CPU
		{175D81EF-D3A0-4BF0-8DA1-4073B90DF40F}.Release|Any CPU.Build.0 = Release|Any CPU
		{8126CBC8-C13A-4032-B1BC-7DBF75F3A294}.Debug|Any CPU.ActiveCfg = Debug|Any CPU
		{8126CBC8-C13A-4032-B1BC-7DBF75F3A294}.Debug|Any CPU.Build.0 = Debug|Any CPU
		{8126CBC8-C13A-4032-B1BC-7DBF75F3A294}.Release|Any CPU.ActiveCfg = Release|Any CPU
		{8126CBC8-C13A-4032-B1BC-7DBF75F3A294}.Release|Any CPU.Build.0 = Release|Any CPU
		{09659290-37EF-4004-93AF-F5549BDBDABD}.Debug|Any CPU.ActiveCfg = Debug|Any CPU
		{09659290-37EF-4004-93AF-F5549BDBDABD}.Debug|Any CPU.Build.0 = Debug|Any CPU
		{09659290-37EF-4004-93AF-F5549BDBDABD}.Release|Any CPU.ActiveCfg = Release|Any CPU
		{09659290-37EF-4004-93AF-F5549BDBDABD}.Release|Any CPU.Build.0 = Release|Any CPU
		{4E7A3AAB-EC05-46F3-9FD0-56074D59DC05}.Debug|Any CPU.ActiveCfg = Debug|Any CPU
		{4E7A3AAB-EC05-46F3-9FD0-56074D59DC05}.Debug|Any CPU.Build.0 = Debug|Any CPU
		{4E7A3AAB-EC05-46F3-9FD0-56074D59DC05}.Release|Any CPU.ActiveCfg = Release|Any CPU
		{4E7A3AAB-EC05-46F3-9FD0-56074D59DC05}.Release|Any CPU.Build.0 = Release|Any CPU
		{6DF5E275-19BB-4285-BDD3-CDEB244A3B0A}.Debug|Any CPU.ActiveCfg = Debug|Any CPU
		{6DF5E275-19BB-4285-BDD3-CDEB244A3B0A}.Debug|Any CPU.Build.0 = Debug|Any CPU
		{6DF5E275-19BB-4285-BDD3-CDEB244A3B0A}.Release|Any CPU.ActiveCfg = Release|Any CPU
		{6DF5E275-19BB-4285-BDD3-CDEB244A3B0A}.Release|Any CPU.Build.0 = Release|Any CPU
		{87E75C70-5CE0-4F33-B5A3-2BF07B736DD5}.Debug|Any CPU.ActiveCfg = Debug|Any CPU
		{87E75C70-5CE0-4F33-B5A3-2BF07B736DD5}.Debug|Any CPU.Build.0 = Debug|Any CPU
		{87E75C70-5CE0-4F33-B5A3-2BF07B736DD5}.Release|Any CPU.ActiveCfg = Release|Any CPU
		{87E75C70-5CE0-4F33-B5A3-2BF07B736DD5}.Release|Any CPU.Build.0 = Release|Any CPU
		{BCD94CFB-8286-4BD1-8D88-C34C0C48C9EC}.Debug|Any CPU.ActiveCfg = Debug|Any CPU
		{BCD94CFB-8286-4BD1-8D88-C34C0C48C9EC}.Debug|Any CPU.Build.0 = Debug|Any CPU
		{BCD94CFB-8286-4BD1-8D88-C34C0C48C9EC}.Release|Any CPU.ActiveCfg = Release|Any CPU
		{BCD94CFB-8286-4BD1-8D88-C34C0C48C9EC}.Release|Any CPU.Build.0 = Release|Any CPU
		{90D4492B-ABD8-4FE6-9F15-44ACAFFD8828}.Debug|Any CPU.ActiveCfg = Debug|Any CPU
		{90D4492B-ABD8-4FE6-9F15-44ACAFFD8828}.Debug|Any CPU.Build.0 = Debug|Any CPU
		{90D4492B-ABD8-4FE6-9F15-44ACAFFD8828}.Release|Any CPU.ActiveCfg = Release|Any CPU
		{90D4492B-ABD8-4FE6-9F15-44ACAFFD8828}.Release|Any CPU.Build.0 = Release|Any CPU
		{40291ECC-D2AB-433D-85A5-D85A3C3D791E}.Debug|Any CPU.ActiveCfg = Debug|Any CPU
		{40291ECC-D2AB-433D-85A5-D85A3C3D791E}.Debug|Any CPU.Build.0 = Debug|Any CPU
		{40291ECC-D2AB-433D-85A5-D85A3C3D791E}.Release|Any CPU.ActiveCfg = Release|Any CPU
		{40291ECC-D2AB-433D-85A5-D85A3C3D791E}.Release|Any CPU.Build.0 = Release|Any CPU
	EndGlobalSection
	GlobalSection(SolutionProperties) = preSolution
		HideSolutionNode = FALSE
	EndGlobalSection
EndGlobal
